
Microsoft Visual Studio Solution File, Format Version 10.00
# Visual Studio 2008
Project("{8BC9CEB8-8B4A-11D0-8D11-00A0C91BC942}") = "Picture Renamer", "Picture Renamer\Picture Renamer.vcproj", "{655747E0-774B-4737-B556-C1522EF8B1D9}"
EndProject
Global
	GlobalSection(SolutionConfigurationPlatforms) = preSolution
		Debug|Win32 = Debug|Win32
		Release|Win32 = Release|Win32
	EndGlobalSection
	GlobalSection(ProjectConfigurationPlatforms) = postSolution
		{655747E0-774B-4737-B556-C1522EF8B1D9}.Debug|Win32.ActiveCfg = Debug|Win32
		{655747E0-774B-4737-B556-C1522EF8B1D9}.Debug|Win32.Build.0 = Debug|Win32
		{655747E0-774B-4737-B556-C1522EF8B1D9}.Release|Win32.ActiveCfg = Release|Win32
		{655747E0-774B-4737-B556-C1522EF8B1D9}.Release|Win32.Build.0 = Release|Win32
	EndGlobalSection
	GlobalSection(SolutionProperties) = preSolution
		HideSolutionNode = FALSE
	EndGlobalSection
EndGlobal
